// !$*UTF8*$!
{
	archiveVersion = 1;
	classes = {
	};
	objectVersion = 51;
	objects = {

/* Begin PBXBuildFile section */
		13200125EFDF56C426F3F79F /* Pods_ModularizacaoCrossTests.framework in Frameworks */ = {isa = PBXBuildFile; fileRef = 7990597025B3F7B3D90DC049 /* Pods_ModularizacaoCrossTests.framework */; };
		1A7546B5BCAE34026FED45C9 /* Pods_ModularizacaoCross_ModularizacaoCrossUITests.framework in Frameworks */ = {isa = PBXBuildFile; fileRef = 0052F33323A26C1FB22BB5F8 /* Pods_ModularizacaoCross_ModularizacaoCrossUITests.framework */; };
		3547767DDE9297B2593E5E2E /* Pods_ModularizacaoCross.framework in Frameworks */ = {isa = PBXBuildFile; fileRef = D3E4822D0319E624B3B85F09 /* Pods_ModularizacaoCross.framework */; };
		A093168D24AFD08700C14F89 /* AppDelegate.swift in Sources */ = {isa = PBXBuildFile; fileRef = A093168C24AFD08700C14F89 /* AppDelegate.swift */; };
		A093168F24AFD08700C14F89 /* SceneDelegate.swift in Sources */ = {isa = PBXBuildFile; fileRef = A093168E24AFD08700C14F89 /* SceneDelegate.swift */; };
		A093169124AFD08700C14F89 /* ViewController.swift in Sources */ = {isa = PBXBuildFile; fileRef = A093169024AFD08700C14F89 /* ViewController.swift */; };
		A093169424AFD08700C14F89 /* Main.storyboard in Resources */ = {isa = PBXBuildFile; fileRef = A093169224AFD08700C14F89 /* Main.storyboard */; };
		A093169624AFD08900C14F89 /* Assets.xcassets in Resources */ = {isa = PBXBuildFile; fileRef = A093169524AFD08900C14F89 /* Assets.xcassets */; };
		A093169924AFD08900C14F89 /* LaunchScreen.storyboard in Resources */ = {isa = PBXBuildFile; fileRef = A093169724AFD08900C14F89 /* LaunchScreen.storyboard */; };
		A09316A424AFD08900C14F89 /* ModularizacaoCrossTests.swift in Sources */ = {isa = PBXBuildFile; fileRef = A09316A324AFD08900C14F89 /* ModularizacaoCrossTests.swift */; };
		A09316AF24AFD08900C14F89 /* ModularizacaoCrossUITests.swift in Sources */ = {isa = PBXBuildFile; fileRef = A09316AE24AFD08900C14F89 /* ModularizacaoCrossUITests.swift */; };
/* End PBXBuildFile section */

/* Begin PBXContainerItemProxy section */
		A09316A024AFD08900C14F89 /* PBXContainerItemProxy */ = {
			isa = PBXContainerItemProxy;
			containerPortal = A093168124AFD08700C14F89 /* Project object */;
			proxyType = 1;
			remoteGlobalIDString = A093168824AFD08700C14F89;
			remoteInfo = ModularizacaoCross;
		};
		A09316AB24AFD08900C14F89 /* PBXContainerItemProxy */ = {
			isa = PBXContainerItemProxy;
			containerPortal = A093168124AFD08700C14F89 /* Project object */;
			proxyType = 1;
			remoteGlobalIDString = A093168824AFD08700C14F89;
			remoteInfo = ModularizacaoCross;
		};
/* End PBXContainerItemProxy section */

/* Begin PBXFileReference section */
		0052F33323A26C1FB22BB5F8 /* Pods_ModularizacaoCross_ModularizacaoCrossUITests.framework */ = {isa = PBXFileReference; explicitFileType = wrapper.framework; includeInIndex = 0; path = Pods_ModularizacaoCross_ModularizacaoCrossUITests.framework; sourceTree = BUILT_PRODUCTS_DIR; };
		16F1815E435EAF5E47004CAB /* Pods-ModularizacaoCross-ModularizacaoCrossUITests.debug.xcconfig */ = {isa = PBXFileReference; includeInIndex = 1; lastKnownFileType = text.xcconfig; name = "Pods-ModularizacaoCross-ModularizacaoCrossUITests.debug.xcconfig"; path = "Target Support Files/Pods-ModularizacaoCross-ModularizacaoCrossUITests/Pods-ModularizacaoCross-ModularizacaoCrossUITests.debug.xcconfig"; sourceTree = "<group>"; };
		19F17BD684BD6284E9C2F5A7 /* Pods-ModularizacaoCross.debug.xcconfig */ = {isa = PBXFileReference; includeInIndex = 1; lastKnownFileType = text.xcconfig; name = "Pods-ModularizacaoCross.debug.xcconfig"; path = "Target Support Files/Pods-ModularizacaoCross/Pods-ModularizacaoCross.debug.xcconfig"; sourceTree = "<group>"; };
		33D88AF894E04D66A43381A3 /* Pods-ModularizacaoCross-ModularizacaoCrossUITests.release.xcconfig */ = {isa = PBXFileReference; includeInIndex = 1; lastKnownFileType = text.xcconfig; name = "Pods-ModularizacaoCross-ModularizacaoCrossUITests.release.xcconfig"; path = "Target Support Files/Pods-ModularizacaoCross-ModularizacaoCrossUITests/Pods-ModularizacaoCross-ModularizacaoCrossUITests.release.xcconfig"; sourceTree = "<group>"; };
		48AF250E2E52509EF919DD1B /* Pods-ModularizacaoCross.release.xcconfig */ = {isa = PBXFileReference; includeInIndex = 1; lastKnownFileType = text.xcconfig; name = "Pods-ModularizacaoCross.release.xcconfig"; path = "Target Support Files/Pods-ModularizacaoCross/Pods-ModularizacaoCross.release.xcconfig"; sourceTree = "<group>"; };
		663C01689CD1F0162777A51A /* Pods-ModularizacaoCrossTests.debug.xcconfig */ = {isa = PBXFileReference; includeInIndex = 1; lastKnownFileType = text.xcconfig; name = "Pods-ModularizacaoCrossTests.debug.xcconfig"; path = "Target Support Files/Pods-ModularizacaoCrossTests/Pods-ModularizacaoCrossTests.debug.xcconfig"; sourceTree = "<group>"; };
		7990597025B3F7B3D90DC049 /* Pods_ModularizacaoCrossTests.framework */ = {isa = PBXFileReference; explicitFileType = wrapper.framework; includeInIndex = 0; path = Pods_ModularizacaoCrossTests.framework; sourceTree = BUILT_PRODUCTS_DIR; };
		A093168924AFD08700C14F89 /* ModularizacaoCross.app */ = {isa = PBXFileReference; explicitFileType = wrapper.application; includeInIndex = 0; path = ModularizacaoCross.app; sourceTree = BUILT_PRODUCTS_DIR; };
		A093168C24AFD08700C14F89 /* AppDelegate.swift */ = {isa = PBXFileReference; lastKnownFileType = sourcecode.swift; path = AppDelegate.swift; sourceTree = "<group>"; };
		A093168E24AFD08700C14F89 /* SceneDelegate.swift */ = {isa = PBXFileReference; lastKnownFileType = sourcecode.swift; path = SceneDelegate.swift; sourceTree = "<group>"; };
		A093169024AFD08700C14F89 /* ViewController.swift */ = {isa = PBXFileReference; lastKnownFileType = sourcecode.swift; path = ViewController.swift; sourceTree = "<group>"; };
		A093169324AFD08700C14F89 /* Base */ = {isa = PBXFileReference; lastKnownFileType = file.storyboard; name = Base; path = Base.lproj/Main.storyboard; sourceTree = "<group>"; };
		A093169524AFD08900C14F89 /* Assets.xcassets */ = {isa = PBXFileReference; lastKnownFileType = folder.assetcatalog; path = Assets.xcassets; sourceTree = "<group>"; };
		A093169824AFD08900C14F89 /* Base */ = {isa = PBXFileReference; lastKnownFileType = file.storyboard; name = Base; path = Base.lproj/LaunchScreen.storyboard; sourceTree = "<group>"; };
		A093169A24AFD08900C14F89 /* Info.plist */ = {isa = PBXFileReference; lastKnownFileType = text.plist.xml; path = Info.plist; sourceTree = "<group>"; };
		A093169F24AFD08900C14F89 /* ModularizacaoCrossTests.xctest */ = {isa = PBXFileReference; explicitFileType = wrapper.cfbundle; includeInIndex = 0; path = ModularizacaoCrossTests.xctest; sourceTree = BUILT_PRODUCTS_DIR; };
		A09316A324AFD08900C14F89 /* ModularizacaoCrossTests.swift */ = {isa = PBXFileReference; lastKnownFileType = sourcecode.swift; path = ModularizacaoCrossTests.swift; sourceTree = "<group>"; };
		A09316A524AFD08900C14F89 /* Info.plist */ = {isa = PBXFileReference; lastKnownFileType = text.plist.xml; path = Info.plist; sourceTree = "<group>"; };
		A09316AA24AFD08900C14F89 /* ModularizacaoCrossUITests.xctest */ = {isa = PBXFileReference; explicitFileType = wrapper.cfbundle; includeInIndex = 0; path = ModularizacaoCrossUITests.xctest; sourceTree = BUILT_PRODUCTS_DIR; };
		A09316AE24AFD08900C14F89 /* ModularizacaoCrossUITests.swift */ = {isa = PBXFileReference; lastKnownFileType = sourcecode.swift; path = ModularizacaoCrossUITests.swift; sourceTree = "<group>"; };
		A09316B024AFD08900C14F89 /* Info.plist */ = {isa = PBXFileReference; lastKnownFileType = text.plist.xml; path = Info.plist; sourceTree = "<group>"; };
		D3E4822D0319E624B3B85F09 /* Pods_ModularizacaoCross.framework */ = {isa = PBXFileReference; explicitFileType = wrapper.framework; includeInIndex = 0; path = Pods_ModularizacaoCross.framework; sourceTree = BUILT_PRODUCTS_DIR; };
		E00345665BCE60894682EB6D /* Pods-ModularizacaoCrossTests.release.xcconfig */ = {isa = PBXFileReference; includeInIndex = 1; lastKnownFileType = text.xcconfig; name = "Pods-ModularizacaoCrossTests.release.xcconfig"; path = "Target Support Files/Pods-ModularizacaoCrossTests/Pods-ModularizacaoCrossTests.release.xcconfig"; sourceTree = "<group>"; };
/* End PBXFileReference section */

/* Begin PBXFrameworksBuildPhase section */
		A093168624AFD08700C14F89 /* Frameworks */ = {
			isa = PBXFrameworksBuildPhase;
			buildActionMask = 2147483647;
			files = (
				3547767DDE9297B2593E5E2E /* Pods_ModularizacaoCross.framework in Frameworks */,
			);
			runOnlyForDeploymentPostprocessing = 0;
		};
		A093169C24AFD08900C14F89 /* Frameworks */ = {
			isa = PBXFrameworksBuildPhase;
			buildActionMask = 2147483647;
			files = (
				13200125EFDF56C426F3F79F /* Pods_ModularizacaoCrossTests.framework in Frameworks */,
			);
			runOnlyForDeploymentPostprocessing = 0;
		};
		A09316A724AFD08900C14F89 /* Frameworks */ = {
			isa = PBXFrameworksBuildPhase;
			buildActionMask = 2147483647;
			files = (
				1A7546B5BCAE34026FED45C9 /* Pods_ModularizacaoCross_ModularizacaoCrossUITests.framework in Frameworks */,
			);
			runOnlyForDeploymentPostprocessing = 0;
		};
/* End PBXFrameworksBuildPhase section */

/* Begin PBXGroup section */
		9569C5F00C7E28E9C1F9BA36 /* Frameworks */ = {
			isa = PBXGroup;
			children = (
				D3E4822D0319E624B3B85F09 /* Pods_ModularizacaoCross.framework */,
				0052F33323A26C1FB22BB5F8 /* Pods_ModularizacaoCross_ModularizacaoCrossUITests.framework */,
				7990597025B3F7B3D90DC049 /* Pods_ModularizacaoCrossTests.framework */,
			);
			name = Frameworks;
			sourceTree = "<group>";
		};
		A093168024AFD08700C14F89 = {
			isa = PBXGroup;
			children = (
				A093168B24AFD08700C14F89 /* ModularizacaoCross */,
				A09316A224AFD08900C14F89 /* ModularizacaoCrossTests */,
				A09316AD24AFD08900C14F89 /* ModularizacaoCrossUITests */,
				A093168A24AFD08700C14F89 /* Products */,
				FBD598A4C8C87008216F0DFE /* Pods */,
				9569C5F00C7E28E9C1F9BA36 /* Frameworks */,
			);
			sourceTree = "<group>";
		};
		A093168A24AFD08700C14F89 /* Products */ = {
			isa = PBXGroup;
			children = (
				A093168924AFD08700C14F89 /* ModularizacaoCross.app */,
				A093169F24AFD08900C14F89 /* ModularizacaoCrossTests.xctest */,
				A09316AA24AFD08900C14F89 /* ModularizacaoCrossUITests.xctest */,
			);
			name = Products;
			sourceTree = "<group>";
		};
		A093168B24AFD08700C14F89 /* ModularizacaoCross */ = {
			isa = PBXGroup;
			children = (
				A093168C24AFD08700C14F89 /* AppDelegate.swift */,
				A093168E24AFD08700C14F89 /* SceneDelegate.swift */,
				A093169024AFD08700C14F89 /* ViewController.swift */,
				A093169224AFD08700C14F89 /* Main.storyboard */,
				A093169524AFD08900C14F89 /* Assets.xcassets */,
				A093169724AFD08900C14F89 /* LaunchScreen.storyboard */,
				A093169A24AFD08900C14F89 /* Info.plist */,
			);
			path = ModularizacaoCross;
			sourceTree = "<group>";
		};
		A09316A224AFD08900C14F89 /* ModularizacaoCrossTests */ = {
			isa = PBXGroup;
			children = (
				A09316A324AFD08900C14F89 /* ModularizacaoCrossTests.swift */,
				A09316A524AFD08900C14F89 /* Info.plist */,
			);
			path = ModularizacaoCrossTests;
			sourceTree = "<group>";
		};
		A09316AD24AFD08900C14F89 /* ModularizacaoCrossUITests */ = {
			isa = PBXGroup;
			children = (
				A09316AE24AFD08900C14F89 /* ModularizacaoCrossUITests.swift */,
				A09316B024AFD08900C14F89 /* Info.plist */,
			);
			path = ModularizacaoCrossUITests;
			sourceTree = "<group>";
		};
		FBD598A4C8C87008216F0DFE /* Pods */ = {
			isa = PBXGroup;
			children = (
				19F17BD684BD6284E9C2F5A7 /* Pods-ModularizacaoCross.debug.xcconfig */,
				48AF250E2E52509EF919DD1B /* Pods-ModularizacaoCross.release.xcconfig */,
				16F1815E435EAF5E47004CAB /* Pods-ModularizacaoCross-ModularizacaoCrossUITests.debug.xcconfig */,
				33D88AF894E04D66A43381A3 /* Pods-ModularizacaoCross-ModularizacaoCrossUITests.release.xcconfig */,
				663C01689CD1F0162777A51A /* Pods-ModularizacaoCrossTests.debug.xcconfig */,
				E00345665BCE60894682EB6D /* Pods-ModularizacaoCrossTests.release.xcconfig */,
			);
			path = Pods;
			sourceTree = "<group>";
		};
/* End PBXGroup section */

/* Begin PBXNativeTarget section */
		A093168824AFD08700C14F89 /* ModularizacaoCross */ = {
			isa = PBXNativeTarget;
			buildConfigurationList = A09316B324AFD08900C14F89 /* Build configuration list for PBXNativeTarget "ModularizacaoCross" */;
			buildPhases = (
				1BF88A56329C41BB83E7461C /* [CP] Check Pods Manifest.lock */,
				AC5E001AF703758ED9575869 /* [CP-User] Run Flutter Build modulo_cross_flutter Script */,
				A093168524AFD08700C14F89 /* Sources */,
				A093168624AFD08700C14F89 /* Frameworks */,
				A093168724AFD08700C14F89 /* Resources */,
				22A3483F612E44785A4AA9E6 /* [CP] Embed Pods Frameworks */,
			);
			buildRules = (
			);
			dependencies = (
			);
			name = ModularizacaoCross;
			productName = ModularizacaoCross;
			productReference = A093168924AFD08700C14F89 /* ModularizacaoCross.app */;
			productType = "com.apple.product-type.application";
		};
		A093169E24AFD08900C14F89 /* ModularizacaoCrossTests */ = {
			isa = PBXNativeTarget;
			buildConfigurationList = A09316B624AFD08900C14F89 /* Build configuration list for PBXNativeTarget "ModularizacaoCrossTests" */;
			buildPhases = (
				79BC1A0A7AFE5FCCA32C44F9 /* [CP] Check Pods Manifest.lock */,
				A093169B24AFD08900C14F89 /* Sources */,
				A093169C24AFD08900C14F89 /* Frameworks */,
				A093169D24AFD08900C14F89 /* Resources */,
			);
			buildRules = (
			);
			dependencies = (
				A09316A124AFD08900C14F89 /* PBXTargetDependency */,
			);
			name = ModularizacaoCrossTests;
			productName = ModularizacaoCrossTests;
			productReference = A093169F24AFD08900C14F89 /* ModularizacaoCrossTests.xctest */;
			productType = "com.apple.product-type.bundle.unit-test";
		};
		A09316A924AFD08900C14F89 /* ModularizacaoCrossUITests */ = {
			isa = PBXNativeTarget;
			buildConfigurationList = A09316B924AFD08900C14F89 /* Build configuration list for PBXNativeTarget "ModularizacaoCrossUITests" */;
			buildPhases = (
				086F5B62F127A65E13438BAD /* [CP] Check Pods Manifest.lock */,
				A09316A624AFD08900C14F89 /* Sources */,
				A09316A724AFD08900C14F89 /* Frameworks */,
				A09316A824AFD08900C14F89 /* Resources */,
				067AB8D7AE51FA54750DB9C1 /* [CP] Embed Pods Frameworks */,
			);
			buildRules = (
			);
			dependencies = (
				A09316AC24AFD08900C14F89 /* PBXTargetDependency */,
			);
			name = ModularizacaoCrossUITests;
			productName = ModularizacaoCrossUITests;
			productReference = A09316AA24AFD08900C14F89 /* ModularizacaoCrossUITests.xctest */;
			productType = "com.apple.product-type.bundle.ui-testing";
		};
/* End PBXNativeTarget section */

/* Begin PBXProject section */
		A093168124AFD08700C14F89 /* Project object */ = {
			isa = PBXProject;
			attributes = {
				LastSwiftUpdateCheck = 1150;
				LastUpgradeCheck = 1150;
				ORGANIZATIONNAME = Lucas;
				TargetAttributes = {
					A093168824AFD08700C14F89 = {
						CreatedOnToolsVersion = 11.5;
					};
					A093169E24AFD08900C14F89 = {
						CreatedOnToolsVersion = 11.5;
						TestTargetID = A093168824AFD08700C14F89;
					};
					A09316A924AFD08900C14F89 = {
						CreatedOnToolsVersion = 11.5;
						TestTargetID = A093168824AFD08700C14F89;
					};
				};
			};
			buildConfigurationList = A093168424AFD08700C14F89 /* Build configuration list for PBXProject "ModularizacaoCross" */;
			compatibilityVersion = "Xcode 9.3";
			developmentRegion = en;
			hasScannedForEncodings = 0;
			knownRegions = (
				en,
				Base,
			);
			mainGroup = A093168024AFD08700C14F89;
			productRefGroup = A093168A24AFD08700C14F89 /* Products */;
			projectDirPath = "";
			projectRoot = "";
			targets = (
				A093168824AFD08700C14F89 /* ModularizacaoCross */,
				A093169E24AFD08900C14F89 /* ModularizacaoCrossTests */,
				A09316A924AFD08900C14F89 /* ModularizacaoCrossUITests */,
			);
		};
/* End PBXProject section */

/* Begin PBXResourcesBuildPhase section */
		A093168724AFD08700C14F89 /* Resources */ = {
			isa = PBXResourcesBuildPhase;
			buildActionMask = 2147483647;
			files = (
				A093169924AFD08900C14F89 /* LaunchScreen.storyboard in Resources */,
				A093169624AFD08900C14F89 /* Assets.xcassets in Resources */,
				A093169424AFD08700C14F89 /* Main.storyboard in Resources */,
			);
			runOnlyForDeploymentPostprocessing = 0;
		};
		A093169D24AFD08900C14F89 /* Resources */ = {
			isa = PBXResourcesBuildPhase;
			buildActionMask = 2147483647;
			files = (
			);
			runOnlyForDeploymentPostprocessing = 0;
		};
		A09316A824AFD08900C14F89 /* Resources */ = {
			isa = PBXResourcesBuildPhase;
			buildActionMask = 2147483647;
			files = (
			);
			runOnlyForDeploymentPostprocessing = 0;
		};
/* End PBXResourcesBuildPhase section */

/* Begin PBXShellScriptBuildPhase section */
		067AB8D7AE51FA54750DB9C1 /* [CP] Embed Pods Frameworks */ = {
			isa = PBXShellScriptBuildPhase;
			buildActionMask = 2147483647;
			files = (
			);
			inputFileListPaths = (
				"${PODS_ROOT}/Target Support Files/Pods-ModularizacaoCross-ModularizacaoCrossUITests/Pods-ModularizacaoCross-ModularizacaoCrossUITests-frameworks-${CONFIGURATION}-input-files.xcfilelist",
			);
			name = "[CP] Embed Pods Frameworks";
			outputFileListPaths = (
				"${PODS_ROOT}/Target Support Files/Pods-ModularizacaoCross-ModularizacaoCrossUITests/Pods-ModularizacaoCross-ModularizacaoCrossUITests-frameworks-${CONFIGURATION}-output-files.xcfilelist",
			);
			runOnlyForDeploymentPostprocessing = 0;
			shellPath = /bin/sh;
			shellScript = "\"${PODS_ROOT}/Target Support Files/Pods-ModularizacaoCross-ModularizacaoCrossUITests/Pods-ModularizacaoCross-ModularizacaoCrossUITests-frameworks.sh\"\n";
			showEnvVarsInLog = 0;
		};
		086F5B62F127A65E13438BAD /* [CP] Check Pods Manifest.lock */ = {
			isa = PBXShellScriptBuildPhase;
			buildActionMask = 2147483647;
			files = (
			);
			inputFileListPaths = (
			);
			inputPaths = (
				"${PODS_PODFILE_DIR_PATH}/Podfile.lock",
				"${PODS_ROOT}/Manifest.lock",
			);
			name = "[CP] Check Pods Manifest.lock";
			outputFileListPaths = (
			);
			outputPaths = (
				"$(DERIVED_FILE_DIR)/Pods-ModularizacaoCross-ModularizacaoCrossUITests-checkManifestLockResult.txt",
			);
			runOnlyForDeploymentPostprocessing = 0;
			shellPath = /bin/sh;
			shellScript = "diff \"${PODS_PODFILE_DIR_PATH}/Podfile.lock\" \"${PODS_ROOT}/Manifest.lock\" > /dev/null\nif [ $? != 0 ] ; then\n    # print error to STDERR\n    echo \"error: The sandbox is not in sync with the Podfile.lock. Run 'pod install' or update your CocoaPods installation.\" >&2\n    exit 1\nfi\n# This output is used by Xcode 'outputs' to avoid re-running this script phase.\necho \"SUCCESS\" > \"${SCRIPT_OUTPUT_FILE_0}\"\n";
			showEnvVarsInLog = 0;
		};
		1BF88A56329C41BB83E7461C /* [CP] Check Pods Manifest.lock */ = {
			isa = PBXShellScriptBuildPhase;
			buildActionMask = 2147483647;
			files = (
			);
			inputFileListPaths = (
			);
			inputPaths = (
				"${PODS_PODFILE_DIR_PATH}/Podfile.lock",
				"${PODS_ROOT}/Manifest.lock",
			);
			name = "[CP] Check Pods Manifest.lock";
			outputFileListPaths = (
			);
			outputPaths = (
				"$(DERIVED_FILE_DIR)/Pods-ModularizacaoCross-checkManifestLockResult.txt",
			);
			runOnlyForDeploymentPostprocessing = 0;
			shellPath = /bin/sh;
			shellScript = "diff \"${PODS_PODFILE_DIR_PATH}/Podfile.lock\" \"${PODS_ROOT}/Manifest.lock\" > /dev/null\nif [ $? != 0 ] ; then\n    # print error to STDERR\n    echo \"error: The sandbox is not in sync with the Podfile.lock. Run 'pod install' or update your CocoaPods installation.\" >&2\n    exit 1\nfi\n# This output is used by Xcode 'outputs' to avoid re-running this script phase.\necho \"SUCCESS\" > \"${SCRIPT_OUTPUT_FILE_0}\"\n";
			showEnvVarsInLog = 0;
		};
		22A3483F612E44785A4AA9E6 /* [CP] Embed Pods Frameworks */ = {
			isa = PBXShellScriptBuildPhase;
			buildActionMask = 2147483647;
			files = (
			);
			inputFileListPaths = (
				"${PODS_ROOT}/Target Support Files/Pods-ModularizacaoCross/Pods-ModularizacaoCross-frameworks-${CONFIGURATION}-input-files.xcfilelist",
			);
			name = "[CP] Embed Pods Frameworks";
			outputFileListPaths = (
				"${PODS_ROOT}/Target Support Files/Pods-ModularizacaoCross/Pods-ModularizacaoCross-frameworks-${CONFIGURATION}-output-files.xcfilelist",
			);
			runOnlyForDeploymentPostprocessing = 0;
			shellPath = /bin/sh;
			shellScript = "\"${PODS_ROOT}/Target Support Files/Pods-ModularizacaoCross/Pods-ModularizacaoCross-frameworks.sh\"\n";
			showEnvVarsInLog = 0;
		};
		79BC1A0A7AFE5FCCA32C44F9 /* [CP] Check Pods Manifest.lock */ = {
			isa = PBXShellScriptBuildPhase;
			buildActionMask = 2147483647;
			files = (
			);
			inputFileListPaths = (
			);
			inputPaths = (
				"${PODS_PODFILE_DIR_PATH}/Podfile.lock",
				"${PODS_ROOT}/Manifest.lock",
			);
			name = "[CP] Check Pods Manifest.lock";
			outputFileListPaths = (
			);
			outputPaths = (
				"$(DERIVED_FILE_DIR)/Pods-ModularizacaoCrossTests-checkManifestLockResult.txt",
			);
			runOnlyForDeploymentPostprocessing = 0;
			shellPath = /bin/sh;
			shellScript = "diff \"${PODS_PODFILE_DIR_PATH}/Podfile.lock\" \"${PODS_ROOT}/Manifest.lock\" > /dev/null\nif [ $? != 0 ] ; then\n    # print error to STDERR\n    echo \"error: The sandbox is not in sync with the Podfile.lock. Run 'pod install' or update your CocoaPods installation.\" >&2\n    exit 1\nfi\n# This output is used by Xcode 'outputs' to avoid re-running this script phase.\necho \"SUCCESS\" > \"${SCRIPT_OUTPUT_FILE_0}\"\n";
			showEnvVarsInLog = 0;
		};
		AC5E001AF703758ED9575869 /* [CP-User] Run Flutter Build modulo_cross_flutter Script */ = {
			isa = PBXShellScriptBuildPhase;
			buildActionMask = 2147483647;
			files = (
			);
			inputPaths = (
				"${SRCROOT}/../ModuloCrossFlutter/modulo_cross_flutter/.metadata",
				"${SRCROOT}/../ModuloCrossFlutter/modulo_cross_flutter/.ios/Flutter/App.framework/App",
				"${SRCROOT}/../ModuloCrossFlutter/modulo_cross_flutter/.ios/Flutter/engine/Flutter.framework/Flutter",
				"${SRCROOT}/../ModuloCrossFlutter/modulo_cross_flutter/.ios/Flutter/flutter_export_environment.sh",
			);
			name = "[CP-User] Run Flutter Build modulo_cross_flutter Script";
			runOnlyForDeploymentPostprocessing = 0;
			shellPath = /bin/sh;
			shellScript = "set -e\nset -u\nsource \"${SRCROOT}/../ModuloCrossFlutter/modulo_cross_flutter/.ios/Flutter/flutter_export_environment.sh\"\n\"$FLUTTER_ROOT\"/packages/flutter_tools/bin/xcode_backend.sh build";
		};
/* End PBXShellScriptBuildPhase section */

/* Begin PBXSourcesBuildPhase section */
		A093168524AFD08700C14F89 /* Sources */ = {
			isa = PBXSourcesBuildPhase;
			buildActionMask = 2147483647;
			files = (
				A093169124AFD08700C14F89 /* ViewController.swift in Sources */,
				A093168D24AFD08700C14F89 /* AppDelegate.swift in Sources */,
				A093168F24AFD08700C14F89 /* SceneDelegate.swift in Sources */,
			);
			runOnlyForDeploymentPostprocessing = 0;
		};
		A093169B24AFD08900C14F89 /* Sources */ = {
			isa = PBXSourcesBuildPhase;
			buildActionMask = 2147483647;
			files = (
				A09316A424AFD08900C14F89 /* ModularizacaoCrossTests.swift in Sources */,
			);
			runOnlyForDeploymentPostprocessing = 0;
		};
		A09316A624AFD08900C14F89 /* Sources */ = {
			isa = PBXSourcesBuildPhase;
			buildActionMask = 2147483647;
			files = (
				A09316AF24AFD08900C14F89 /* ModularizacaoCrossUITests.swift in Sources */,
			);
			runOnlyForDeploymentPostprocessing = 0;
		};
/* End PBXSourcesBuildPhase section */

/* Begin PBXTargetDependency section */
		A09316A124AFD08900C14F89 /* PBXTargetDependency */ = {
			isa = PBXTargetDependency;
			target = A093168824AFD08700C14F89 /* ModularizacaoCross */;
			targetProxy = A09316A024AFD08900C14F89 /* PBXContainerItemProxy */;
		};
		A09316AC24AFD08900C14F89 /* PBXTargetDependency */ = {
			isa = PBXTargetDependency;
			target = A093168824AFD08700C14F89 /* ModularizacaoCross */;
			targetProxy = A09316AB24AFD08900C14F89 /* PBXContainerItemProxy */;
		};
/* End PBXTargetDependency section */

/* Begin PBXVariantGroup section */
		A093169224AFD08700C14F89 /* Main.storyboard */ = {
			isa = PBXVariantGroup;
			children = (
				A093169324AFD08700C14F89 /* Base */,
			);
			name = Main.storyboard;
			sourceTree = "<group>";
		};
		A093169724AFD08900C14F89 /* LaunchScreen.storyboard */ = {
			isa = PBXVariantGroup;
			children = (
				A093169824AFD08900C14F89 /* Base */,
			);
			name = LaunchScreen.storyboard;
			sourceTree = "<group>";
		};
/* End PBXVariantGroup section */

/* Begin XCBuildConfiguration section */
		A09316B124AFD08900C14F89 /* Debug */ = {
			isa = XCBuildConfiguration;
			buildSettings = {
				ALWAYS_SEARCH_USER_PATHS = NO;
				CLANG_ANALYZER_NONNULL = YES;
				CLANG_ANALYZER_NUMBER_OBJECT_CONVERSION = YES_AGGRESSIVE;
				CLANG_CXX_LANGUAGE_STANDARD = "gnu++14";
				CLANG_CXX_LIBRARY = "libc++";
				CLANG_ENABLE_MODULES = YES;
				CLANG_ENABLE_OBJC_ARC = YES;
				CLANG_ENABLE_OBJC_WEAK = YES;
				CLANG_WARN_BLOCK_CAPTURE_AUTORELEASING = YES;
				CLANG_WARN_BOOL_CONVERSION = YES;
				CLANG_WARN_COMMA = YES;
				CLANG_WARN_CONSTANT_CONVERSION = YES;
				CLANG_WARN_DEPRECATED_OBJC_IMPLEMENTATIONS = YES;
				CLANG_WARN_DIRECT_OBJC_ISA_USAGE = YES_ERROR;
				CLANG_WARN_DOCUMENTATION_COMMENTS = YES;
				CLANG_WARN_EMPTY_BODY = YES;
				CLANG_WARN_ENUM_CONVERSION = YES;
				CLANG_WARN_INFINITE_RECURSION = YES;
				CLANG_WARN_INT_CONVERSION = YES;
				CLANG_WARN_NON_LITERAL_NULL_CONVERSION = YES;
				CLANG_WARN_OBJC_IMPLICIT_RETAIN_SELF = YES;
				CLANG_WARN_OBJC_LITERAL_CONVERSION = YES;
				CLANG_WARN_OBJC_ROOT_CLASS = YES_ERROR;
				CLANG_WARN_RANGE_LOOP_ANALYSIS = YES;
				CLANG_WARN_STRICT_PROTOTYPES = YES;
				CLANG_WARN_SUSPICIOUS_MOVE = YES;
				CLANG_WARN_UNGUARDED_AVAILABILITY = YES_AGGRESSIVE;
				CLANG_WARN_UNREACHABLE_CODE = YES;
				CLANG_WARN__DUPLICATE_METHOD_MATCH = YES;
				COPY_PHASE_STRIP = NO;
				DEBUG_INFORMATION_FORMAT = dwarf;
				ENABLE_STRICT_OBJC_MSGSEND = YES;
				ENABLE_TESTABILITY = YES;
				GCC_C_LANGUAGE_STANDARD = gnu11;
				GCC_DYNAMIC_NO_PIC = NO;
				GCC_NO_COMMON_BLOCKS = YES;
				GCC_OPTIMIZATION_LEVEL = 0;
				GCC_PREPROCESSOR_DEFINITIONS = (
					"DEBUG=1",
					"$(inherited)",
				);
				GCC_WARN_64_TO_32_BIT_CONVERSION = YES;
				GCC_WARN_ABOUT_RETURN_TYPE = YES_ERROR;
				GCC_WARN_UNDECLARED_SELECTOR = YES;
				GCC_WARN_UNINITIALIZED_AUTOS = YES_AGGRESSIVE;
				GCC_WARN_UNUSED_FUNCTION = YES;
				GCC_WARN_UNUSED_VARIABLE = YES;
				IPHONEOS_DEPLOYMENT_TARGET = 13.5;
				MTL_ENABLE_DEBUG_INFO = INCLUDE_SOURCE;
				MTL_FAST_MATH = YES;
				ONLY_ACTIVE_ARCH = YES;
				SDKROOT = iphoneos;
				SWIFT_ACTIVE_COMPILATION_CONDITIONS = DEBUG;
				SWIFT_OPTIMIZATION_LEVEL = "-Onone";
			};
			name = Debug;
		};
		A09316B224AFD08900C14F89 /* Release */ = {
			isa = XCBuildConfiguration;
			buildSettings = {
				ALWAYS_SEARCH_USER_PATHS = NO;
				CLANG_ANALYZER_NONNULL = YES;
				CLANG_ANALYZER_NUMBER_OBJECT_CONVERSION = YES_AGGRESSIVE;
				CLANG_CXX_LANGUAGE_STANDARD = "gnu++14";
				CLANG_CXX_LIBRARY = "libc++";
				CLANG_ENABLE_MODULES = YES;
				CLANG_ENABLE_OBJC_ARC = YES;
				CLANG_ENABLE_OBJC_WEAK = YES;
				CLANG_WARN_BLOCK_CAPTURE_AUTORELEASING = YES;
				CLANG_WARN_BOOL_CONVERSION = YES;
				CLANG_WARN_COMMA = YES;
				CLANG_WARN_CONSTANT_CONVERSION = YES;
				CLANG_WARN_DEPRECATED_OBJC_IMPLEMENTATIONS = YES;
				CLANG_WARN_DIRECT_OBJC_ISA_USAGE = YES_ERROR;
				CLANG_WARN_DOCUMENTATION_COMMENTS = YES;
				CLANG_WARN_EMPTY_BODY = YES;
				CLANG_WARN_ENUM_CONVERSION = YES;
				CLANG_WARN_INFINITE_RECURSION = YES;
				CLANG_WARN_INT_CONVERSION = YES;
				CLANG_WARN_NON_LITERAL_NULL_CONVERSION = YES;
				CLANG_WARN_OBJC_IMPLICIT_RETAIN_SELF = YES;
				CLANG_WARN_OBJC_LITERAL_CONVERSION = YES;
				CLANG_WARN_OBJC_ROOT_CLASS = YES_ERROR;
				CLANG_WARN_RANGE_LOOP_ANALYSIS = YES;
				CLANG_WARN_STRICT_PROTOTYPES = YES;
				CLANG_WARN_SUSPICIOUS_MOVE = YES;
				CLANG_WARN_UNGUARDED_AVAILABILITY = YES_AGGRESSIVE;
				CLANG_WARN_UNREACHABLE_CODE = YES;
				CLANG_WARN__DUPLICATE_METHOD_MATCH = YES;
				COPY_PHASE_STRIP = NO;
				DEBUG_INFORMATION_FORMAT = "dwarf-with-dsym";
				ENABLE_NS_ASSERTIONS = NO;
				ENABLE_STRICT_OBJC_MSGSEND = YES;
				GCC_C_LANGUAGE_STANDARD = gnu11;
				GCC_NO_COMMON_BLOCKS = YES;
				GCC_WARN_64_TO_32_BIT_CONVERSION = YES;
				GCC_WARN_ABOUT_RETURN_TYPE = YES_ERROR;
				GCC_WARN_UNDECLARED_SELECTOR = YES;
				GCC_WARN_UNINITIALIZED_AUTOS = YES_AGGRESSIVE;
				GCC_WARN_UNUSED_FUNCTION = YES;
				GCC_WARN_UNUSED_VARIABLE = YES;
				IPHONEOS_DEPLOYMENT_TARGET = 13.5;
				MTL_ENABLE_DEBUG_INFO = NO;
				MTL_FAST_MATH = YES;
				SDKROOT = iphoneos;
				SWIFT_COMPILATION_MODE = wholemodule;
				SWIFT_OPTIMIZATION_LEVEL = "-O";
				VALIDATE_PRODUCT = YES;
			};
			name = Release;
		};
		A09316B424AFD08900C14F89 /* Debug */ = {
			isa = XCBuildConfiguration;
			baseConfigurationReference = 19F17BD684BD6284E9C2F5A7 /* Pods-ModularizacaoCross.debug.xcconfig */;
			buildSettings = {
				ASSETCATALOG_COMPILER_APPICON_NAME = AppIcon;
				CODE_SIGN_STYLE = Automatic;
				DEVELOPMENT_TEAM = XCKQJC262X;
				INFOPLIST_FILE = ModularizacaoCross/Info.plist;
				IPHONEOS_DEPLOYMENT_TARGET = 10.3;
				LD_RUNPATH_SEARCH_PATHS = (
					"$(inherited)",
					"@executable_path/Frameworks",
				);
				PRODUCT_BUNDLE_IDENTIFIER = com.manobray.ModularizacaoCross;
				PRODUCT_NAME = "$(TARGET_NAME)";
				SWIFT_VERSION = 5.0;
				TARGETED_DEVICE_FAMILY = 1;
			};
			name = Debug;
		};
		A09316B524AFD08900C14F89 /* Release */ = {
			isa = XCBuildConfiguration;
			baseConfigurationReference = 48AF250E2E52509EF919DD1B /* Pods-ModularizacaoCross.release.xcconfig */;
			buildSettings = {
				ASSETCATALOG_COMPILER_APPICON_NAME = AppIcon;
				CODE_SIGN_STYLE = Automatic;
				DEVELOPMENT_TEAM = XCKQJC262X;
				INFOPLIST_FILE = ModularizacaoCross/Info.plist;
				IPHONEOS_DEPLOYMENT_TARGET = 10.3;
				LD_RUNPATH_SEARCH_PATHS = (
					"$(inherited)",
					"@executable_path/Frameworks",
				);
				PRODUCT_BUNDLE_IDENTIFIER = com.manobray.ModularizacaoCross;
				PRODUCT_NAME = "$(TARGET_NAME)";
				SWIFT_VERSION = 5.0;
				TARGETED_DEVICE_FAMILY = 1;
			};
			name = Release;
		};
		A09316B724AFD08900C14F89 /* Debug */ = {
			isa = XCBuildConfiguration;
			baseConfigurationReference = 663C01689CD1F0162777A51A /* Pods-ModularizacaoCrossTests.debug.xcconfig */;
			buildSettings = {
				ALWAYS_EMBED_SWIFT_STANDARD_LIBRARIES = YES;
				BUNDLE_LOADER = "$(TEST_HOST)";
				CODE_SIGN_STYLE = Automatic;
				DEVELOPMENT_TEAM = XCKQJC262X;
				INFOPLIST_FILE = ModularizacaoCrossTests/Info.plist;
				IPHONEOS_DEPLOYMENT_TARGET = 13.5;
				LD_RUNPATH_SEARCH_PATHS = (
					"$(inherited)",
					"@executable_path/Frameworks",
					"@loader_path/Frameworks",
				);
				PRODUCT_BUNDLE_IDENTIFIER = com.manobray.ModularizacaoCrossTests;
				PRODUCT_NAME = "$(TARGET_NAME)";
				SWIFT_VERSION = 5.0;
				TARGETED_DEVICE_FAMILY = "1,2";
				TEST_HOST = "$(BUILT_PRODUCTS_DIR)/ModularizacaoCross.app/ModularizacaoCross";
			};
			name = Debug;
		};
		A09316B824AFD08900C14F89 /* Release */ = {
			isa = XCBuildConfiguration;
			baseConfigurationReference = E00345665BCE60894682EB6D /* Pods-ModularizacaoCrossTests.release.xcconfig */;
			buildSettings = {
				ALWAYS_EMBED_SWIFT_STANDARD_LIBRARIES = YES;
				BUNDLE_LOADER = "$(TEST_HOST)";
				CODE_SIGN_STYLE = Automatic;
				DEVELOPMENT_TEAM = XCKQJC262X;
				INFOPLIST_FILE = ModularizacaoCrossTests/Info.plist;
				IPHONEOS_DEPLOYMENT_TARGET = 13.5;
				LD_RUNPATH_SEARCH_PATHS = (
					"$(inherited)",
					"@executable_path/Frameworks",
					"@loader_path/Frameworks",
				);
				PRODUCT_BUNDLE_IDENTIFIER = com.manobray.ModularizacaoCrossTests;
				PRODUCT_NAME = "$(TARGET_NAME)";
				SWIFT_VERSION = 5.0;
				TARGETED_DEVICE_FAMILY = "1,2";
				TEST_HOST = "$(BUILT_PRODUCTS_DIR)/ModularizacaoCross.app/ModularizacaoCross";
			};
			name = Release;
		};
		A09316BA24AFD08900C14F89 /* Debug */ = {
			isa = XCBuildConfiguration;
			baseConfigurationReference = 16F1815E435EAF5E47004CAB /* Pods-ModularizacaoCross-ModularizacaoCrossUITests.debug.xcconfig */;
			buildSettings = {
				ALWAYS_EMBED_SWIFT_STANDARD_LIBRARIES = YES;
				CODE_SIGN_STYLE = Automatic;
				DEVELOPMENT_TEAM = XCKQJC262X;
				INFOPLIST_FILE = ModularizacaoCrossUITests/Info.plist;
				LD_RUNPATH_SEARCH_PATHS = (
					"$(inherited)",
					"@executable_path/Frameworks",
					"@loader_path/Frameworks",
				);
				PRODUCT_BUNDLE_IDENTIFIER = com.manobray.ModularizacaoCrossUITests;
				PRODUCT_NAME = "$(TARGET_NAME)";
				SWIFT_VERSION = 5.0;
				TARGETED_DEVICE_FAMILY = "1,2";
				TEST_TARGET_NAME = ModularizacaoCross;
			};
			name = Debug;
		};
		A09316BB24AFD08900C14F89 /* Release */ = {
			isa = XCBuildConfiguration;
			baseConfigurationReference = 33D88AF894E04D66A43381A3 /* Pods-ModularizacaoCross-ModularizacaoCrossUITests.release.xcconfig */;
			buildSettings = {
				ALWAYS_EMBED_SWIFT_STANDARD_LIBRARIES = YES;
				CODE_SIGN_STYLE = Automatic;
				DEVELOPMENT_TEAM = XCKQJC262X;
				INFOPLIST_FILE = ModularizacaoCrossUITests/Info.plist;
				LD_RUNPATH_SEARCH_PATHS = (
					"$(inherited)",
					"@executable_path/Frameworks",
					"@loader_path/Frameworks",
				);
				PRODUCT_BUNDLE_IDENTIFIER = com.manobray.ModularizacaoCrossUITests;
				PRODUCT_NAME = "$(TARGET_NAME)";
				SWIFT_VERSION = 5.0;
				TARGETED_DEVICE_FAMILY = "1,2";
				TEST_TARGET_NAME = ModularizacaoCross;
			};
			name = Release;
		};
/* End XCBuildConfiguration section */

/* Begin XCConfigurationList section */
		A093168424AFD08700C14F89 /* Build configuration list for PBXProject "ModularizacaoCross" */ = {
			isa = XCConfigurationList;
			buildConfigurations = (
				A09316B124AFD08900C14F89 /* Debug */,
				A09316B224AFD08900C14F89 /* Release */,
			);
			defaultConfigurationIsVisible = 0;
			defaultConfigurationName = Release;
		};
		A09316B324AFD08900C14F89 /* Build configuration list for PBXNativeTarget "ModularizacaoCross" */ = {
			isa = XCConfigurationList;
			buildConfigurations = (
				A09316B424AFD08900C14F89 /* Debug */,
				A09316B524AFD08900C14F89 /* Release */,
			);
			defaultConfigurationIsVisible = 0;
			defaultConfigurationName = Release;
		};
		A09316B624AFD08900C14F89 /* Build configuration list for PBXNativeTarget "ModularizacaoCrossTests" */ = {
			isa = XCConfigurationList;
			buildConfigurations = (
				A09316B724AFD08900C14F89 /* Debug */,
				A09316B824AFD08900C14F89 /* Release */,
			);
			defaultConfigurationIsVisible = 0;
			defaultConfigurationName = Release;
		};
		A09316B924AFD08900C14F89 /* Build configuration list for PBXNativeTarget "ModularizacaoCrossUITests" */ = {
			isa = XCConfigurationList;
			buildConfigurations = (
				A09316BA24AFD08900C14F89 /* Debug */,
				A09316BB24AFD08900C14F89 /* Release */,
			);
			defaultConfigurationIsVisible = 0;
			defaultConfigurationName = Release;
		};
/* End XCConfigurationList section */
	};
	rootObject = A093168124AFD08700C14F89 /* Project object */;
}
